<?xml version="1.0" encoding="utf-8"?>
<Project ToolsVersion="4.0" xmlns="http://schemas.microsoft.com/developer/msbuild/2003">
  <ItemGroup>
    <Filter Include="Source Files">
      <UniqueIdentifier>{4FC737F1-C7A5-4376-A066-2A32D752A2FF}</UniqueIdentifier>
      <Extensions>cpp;c;cc;cxx;c++;cppm;ixx;def;odl;idl;hpj;bat;asm;asmx</Extensions>
    </Filter>
    <Filter Include="Header Files">
      <UniqueIdentifier>{93995380-89BD-4b04-88EB-625FBE52EBFB}</UniqueIdentifier>
      <Extensions>h;hh;hpp;hxx;h++;hm;inl;inc;ipp;xsd</Extensions>
    </Filter>
    <Filter Include="Resource Files">
      <UniqueIdentifier>{67DA6AB6-F800-4c08-8B7A-83BB121AAD01}</UniqueIdentifier>
      <Extensions>rc;ico;cur;bmp;dlg;rc2;rct;bin;rgs;gif;jpg;jpeg;jpe;resx;tiff;tif;png;wav;mfcribbon-ms</Extensions>
    </Filter>
  </ItemGroup>
  <ItemGroup>
    <ClCompile Include="src\glad.c">
      <Filter>Source Files</Filter>
    </ClCompile>
    <ClCompile Include="src\main.cpp">
      <Filter>Source Files</Filter>
    </ClCompile>
    <ClCompile Include="include\imgui\imgui_widgets.cpp">
      <Filter>Source Files</Filter>
    </ClCompile>
    <ClCompile Include="include\imgui\imgui_demo.cpp">
      <Filter>Source Files</Filter>
    </ClCompile>
    <ClCompile Include="include\imgui\imgui_draw.cpp">
      <Filter>Source Files</Filter>
    </ClCompile>
    <ClCompile Include="include\imgui\imgui_impl_glfw.cpp">
      <Filter>Source Files</Filter>
    </ClCompile>
    <ClCompile Include="include\imgui\imgui_impl_opengl3.cpp">
      <Filter>Source Files</Filter>
    </ClCompile>
    <ClCompile Include="include\imgui\imgui_tables.cpp">
      <Filter>Source Files</Filter>
    </ClCompile>
    <ClCompile Include="include\imgui\imgui.cpp">
      <Filter>Source Files</Filter>
    </ClCompile>
    <ClCompile Include="include\ui\components\menu_bar.cpp">
      <Filter>Source Files</Filter>
    </ClCompile>
    <ClCompile Include="include\ui\components\model_view.cpp">
      <Filter>Source Files</Filter>
    </ClCompile>
    <ClCompile Include="include\rendering\raster_renderer.cpp">
      <Filter>Source Files</Filter>
    </ClCompile>
    <ClCompile Include="include\ui\components\scene_tree.cpp">
      <Filter>Source Files</Filter>
    </ClCompile>
  </ItemGroup>
  <ItemGroup>
    <ClInclude Include="include\texture.h">
      <Filter>Header Files</Filter>
    </ClInclude>
    <ClInclude Include="include\rendering\camera.h">
      <Filter>Header Files</Filter>
    </ClInclude>
    <ClInclude Include="include\rendering\mesh3d.h">
      <Filter>Header Files</Filter>
    </ClInclude>
    <ClInclude Include="include\rendering\shader.h">
      <Filter>Header Files</Filter>
    </ClInclude>
    <ClInclude Include="include\stb_image.h">
      <Filter>Header Files</Filter>
    </ClInclude>
    <ClInclude Include="include\imgui\imconfig.h">
      <Filter>Header Files</Filter>
    </ClInclude>
    <ClInclude Include="include\imgui\imgui.h">
      <Filter>Header Files</Filter>
    </ClInclude>
    <ClInclude Include="include\imgui\imgui_impl_glfw.h">
      <Filter>Header Files</Filter>
    </ClInclude>
    <ClInclude Include="include\imgui\imgui_impl_opengl3.h">
      <Filter>Header Files</Filter>
    </ClInclude>
    <ClInclude Include="include\imgui\imgui_internal.h">
      <Filter>Header Files</Filter>
    </ClInclude>
    <ClInclude Include="include\imgui\imstb_rectpack.h">
      <Filter>Header Files</Filter>
    </ClInclude>
    <ClInclude Include="include\imgui\imstb_textedit.h">
      <Filter>Header Files</Filter>
    </ClInclude>
    <ClInclude Include="include\imgui\imstb_truetype.h">
      <Filter>Header Files</Filter>
    </ClInclude>
    <ClInclude Include="include\imgui\imgui_impl_opengl3_loader.h">
      <Filter>Header Files</Filter>
    </ClInclude>
    <ClInclude Include="include\rendering\scene.h">
      <Filter>Header Files</Filter>
    </ClInclude>
    <ClInclude Include="include\pch.h">
      <Filter>Header Files</Filter>
    </ClInclude>
    <ClInclude Include="include\accel\bvh.h">
      <Filter>Header Files</Filter>
    </ClInclude>
    <ClInclude Include="include\quad.h">
      <Filter>Header Files</Filter>
    </ClInclude>
    <ClInclude Include="include\accel\bounds.h">
      <Filter>Header Files</Filter>
    </ClInclude>
    <ClInclude Include="include\accel\primative.h">
      <Filter>Header Files</Filter>
    </ClInclude>
    <ClInclude Include="include\loader.h">
      <Filter>Header Files</Filter>
    </ClInclude>
    <ClInclude Include="include\accel\ray.h">
      <Filter>Header Files</Filter>
    </ClInclude>
    <ClInclude Include="src\engine.h">
      <Filter>Header Files</Filter>
    </ClInclude>
    <ClInclude Include="include\ui\ui_master.h">
      <Filter>Header Files</Filter>
    </ClInclude>
    <ClInclude Include="include\constants.h">
      <Filter>Header Files</Filter>
    </ClInclude>
    <ClInclude Include="include\ui\ui_component.h">
      <Filter>Header Files</Filter>
    </ClInclude>
    <ClInclude Include="include\rendering\renderer.h">
      <Filter>Header Files</Filter>
    </ClInclude>
    <ClInclude Include="include\rendering\triangle.h">
      <Filter>Header Files</Filter>
    </ClInclude>
    <ClInclude Include="include\input_source.h">
      <Filter>Header Files</Filter>
    </ClInclude>
    <ClInclude Include="include\rendering\material.h">
      <Filter>Header Files</Filter>
    </ClInclude>
  </ItemGroup>
  <ItemGroup>
    <None Include="assimp-vc142-mtd.dll" />
    <None Include="shaders\dirtblock.frag" />
    <None Include="shaders\dirtblock.vert" />
    <None Include="shaders\fragment_shader.frag" />
    <None Include="shaders\plane.frag" />
    <None Include="shaders\plane.vert" />
    <None Include="shaders\quad.frag" />
    <None Include="shaders\quad.vert" />
    <None Include="shaders\ray.comp" />
    <None Include="shaders\torus.frag" />
    <None Include="shaders\torus.vert" />
    <None Include="shaders\vertex_shader.vert" />
    <None Include="shaders\raster.vert" />
    <None Include="shaders\raster.frag" />
    <None Include="shaders\axis.vert" />
    <None Include="shaders\axis.frag" />
  </ItemGroup>
</Project>